{
    "_readme": [
        "This file locks the dependencies of your project to a known state",
        "Read more about it at http://getcomposer.org/doc/01-basic-usage.md#composer-lock-the-lock-file",
        "This file is @generated automatically"
    ],
    "hash": "8a9ca5626571ed0180c0a6ae08d845af",
    "packages": [
        {
            "name": "doctrine/annotations",
            "version": "v1.2.4",
            "source": {
                "type": "git",
                "url": "https://github.com/doctrine/annotations.git",
                "reference": "b5202eb9e83f8db52e0e58867e0a46e63be8332e"
            },
            "dist": {
                "type": "zip",
                "url": "https://api.github.com/repos/doctrine/annotations/zipball/b5202eb9e83f8db52e0e58867e0a46e63be8332e",
                "reference": "b5202eb9e83f8db52e0e58867e0a46e63be8332e",
                "shasum": ""
            },
            "require": {
                "doctrine/lexer": "1.*",
                "php": ">=5.3.2"
            },
            "require-dev": {
                "doctrine/cache": "1.*",
                "phpunit/phpunit": "4.*"
            },
            "type": "library",
            "extra": {
                "branch-alias": {
                    "dev-master": "1.3.x-dev"
                }
            },
            "autoload": {
                "psr-0": {
                    "Doctrine\\Common\\Annotations\\": "lib/"
                }
            },
            "notification-url": "https://packagist.org/downloads/",
            "license": [
                "MIT"
            ],
            "authors": [
                {
                    "name": "Roman Borschel",
                    "email": "roman@code-factory.org"
                },
                {
                    "name": "Benjamin Eberlei",
                    "email": "kontakt@beberlei.de"
                },
                {
                    "name": "Guilherme Blanco",
                    "email": "guilhermeblanco@gmail.com"
                },
                {
                    "name": "Jonathan Wage",
                    "email": "jonwage@gmail.com"
                },
                {
                    "name": "Johannes Schmitt",
                    "email": "schmittjoh@gmail.com"
                }
            ],
            "description": "Docblock Annotations Parser",
            "homepage": "http://www.doctrine-project.org",
            "keywords": [
                "annotations",
                "docblock",
                "parser"
            ],
            "time": "2014-12-23 22:40:37"
        },
        {
            "name": "doctrine/cache",
            "version": "v1.4.1",
            "source": {
                "type": "git",
                "url": "https://github.com/doctrine/cache.git",
                "reference": "c9eadeb743ac6199f7eec423cb9426bc518b7b03"
            },
            "dist": {
                "type": "zip",
                "url": "https://api.github.com/repos/doctrine/cache/zipball/c9eadeb743ac6199f7eec423cb9426bc518b7b03",
                "reference": "c9eadeb743ac6199f7eec423cb9426bc518b7b03",
                "shasum": ""
            },
            "require": {
                "php": ">=5.3.2"
            },
            "conflict": {
                "doctrine/common": ">2.2,<2.4"
            },
            "require-dev": {
                "phpunit/phpunit": ">=3.7",
                "predis/predis": "~1.0",
                "satooshi/php-coveralls": "~0.6"
            },
            "type": "library",
            "extra": {
                "branch-alias": {
                    "dev-master": "1.5.x-dev"
                }
            },
            "autoload": {
                "psr-0": {
                    "Doctrine\\Common\\Cache\\": "lib/"
                }
            },
            "notification-url": "https://packagist.org/downloads/",
            "license": [
                "MIT"
            ],
            "authors": [
                {
                    "name": "Roman Borschel",
                    "email": "roman@code-factory.org"
                },
                {
                    "name": "Benjamin Eberlei",
                    "email": "kontakt@beberlei.de"
                },
                {
                    "name": "Guilherme Blanco",
                    "email": "guilhermeblanco@gmail.com"
                },
                {
                    "name": "Jonathan Wage",
                    "email": "jonwage@gmail.com"
                },
                {
                    "name": "Johannes Schmitt",
                    "email": "schmittjoh@gmail.com"
                }
            ],
            "description": "Caching library offering an object-oriented API for many cache backends",
            "homepage": "http://www.doctrine-project.org",
            "keywords": [
                "cache",
                "caching"
            ],
            "time": "2015-04-15 00:11:59"
        },
        {
            "name": "doctrine/collections",
            "version": "v1.3.0",
            "source": {
                "type": "git",
                "url": "https://github.com/doctrine/collections.git",
                "reference": "6c1e4eef75f310ea1b3e30945e9f06e652128b8a"
            },
            "dist": {
                "type": "zip",
                "url": "https://api.github.com/repos/doctrine/collections/zipball/6c1e4eef75f310ea1b3e30945e9f06e652128b8a",
                "reference": "6c1e4eef75f310ea1b3e30945e9f06e652128b8a",
                "shasum": ""
            },
            "require": {
                "php": ">=5.3.2"
            },
            "require-dev": {
                "phpunit/phpunit": "~4.0"
            },
            "type": "library",
            "extra": {
                "branch-alias": {
                    "dev-master": "1.2.x-dev"
                }
            },
            "autoload": {
                "psr-0": {
                    "Doctrine\\Common\\Collections\\": "lib/"
                }
            },
            "notification-url": "https://packagist.org/downloads/",
            "license": [
                "MIT"
            ],
            "authors": [
                {
                    "name": "Roman Borschel",
                    "email": "roman@code-factory.org"
                },
                {
                    "name": "Benjamin Eberlei",
                    "email": "kontakt@beberlei.de"
                },
                {
                    "name": "Guilherme Blanco",
                    "email": "guilhermeblanco@gmail.com"
                },
                {
                    "name": "Jonathan Wage",
                    "email": "jonwage@gmail.com"
                },
                {
                    "name": "Johannes Schmitt",
                    "email": "schmittjoh@gmail.com"
                }
            ],
            "description": "Collections Abstraction library",
            "homepage": "http://www.doctrine-project.org",
            "keywords": [
                "array",
                "collections",
                "iterator"
            ],
            "time": "2015-04-14 22:21:58"
        },
        {
            "name": "doctrine/common",
            "version": "v2.5.0",
            "source": {
                "type": "git",
                "url": "https://github.com/doctrine/common.git",
                "reference": "cd8daf2501e10c63dced7b8b9b905844316ae9d3"
            },
            "dist": {
                "type": "zip",
                "url": "https://api.github.com/repos/doctrine/common/zipball/cd8daf2501e10c63dced7b8b9b905844316ae9d3",
                "reference": "cd8daf2501e10c63dced7b8b9b905844316ae9d3",
                "shasum": ""
            },
            "require": {
                "doctrine/annotations": "1.*",
                "doctrine/cache": "1.*",
                "doctrine/collections": "1.*",
                "doctrine/inflector": "1.*",
                "doctrine/lexer": "1.*",
                "php": ">=5.3.2"
            },
            "require-dev": {
                "phpunit/phpunit": "~3.7"
            },
            "type": "library",
            "extra": {
                "branch-alias": {
                    "dev-master": "2.6.x-dev"
                }
            },
            "autoload": {
                "psr-0": {
                    "Doctrine\\Common\\": "lib/"
                }
            },
            "notification-url": "https://packagist.org/downloads/",
            "license": [
                "MIT"
            ],
            "authors": [
                {
                    "name": "Roman Borschel",
                    "email": "roman@code-factory.org"
                },
                {
                    "name": "Benjamin Eberlei",
                    "email": "kontakt@beberlei.de"
                },
                {
                    "name": "Guilherme Blanco",
                    "email": "guilhermeblanco@gmail.com"
                },
                {
                    "name": "Jonathan Wage",
                    "email": "jonwage@gmail.com"
                },
                {
                    "name": "Johannes Schmitt",
                    "email": "schmittjoh@gmail.com"
                }
            ],
            "description": "Common Library for Doctrine projects",
            "homepage": "http://www.doctrine-project.org",
            "keywords": [
                "annotations",
                "collections",
                "eventmanager",
                "persistence",
                "spl"
            ],
            "time": "2015-04-02 19:55:44"
        },
        {
            "name": "doctrine/dbal",
            "version": "v2.5.1",
            "source": {
                "type": "git",
                "url": "https://github.com/doctrine/dbal.git",
                "reference": "628c2256b646ae2417d44e063bce8aec5199d48d"
            },
            "dist": {
                "type": "zip",
                "url": "https://api.github.com/repos/doctrine/dbal/zipball/628c2256b646ae2417d44e063bce8aec5199d48d",
                "reference": "628c2256b646ae2417d44e063bce8aec5199d48d",
                "shasum": ""
            },
            "require": {
                "doctrine/common": ">=2.4,<2.6-dev",
                "php": ">=5.3.2"
            },
            "require-dev": {
                "phpunit/phpunit": "4.*",
                "symfony/console": "2.*"
            },
            "suggest": {
                "symfony/console": "For helpful console commands such as SQL execution and import of files."
            },
            "bin": [
                "bin/doctrine-dbal"
            ],
            "type": "library",
            "extra": {
                "branch-alias": {
                    "dev-master": "2.5.x-dev"
                }
            },
            "autoload": {
                "psr-0": {
                    "Doctrine\\DBAL\\": "lib/"
                }
            },
            "notification-url": "https://packagist.org/downloads/",
            "license": [
                "MIT"
            ],
            "authors": [
                {
                    "name": "Roman Borschel",
                    "email": "roman@code-factory.org"
                },
                {
                    "name": "Benjamin Eberlei",
                    "email": "kontakt@beberlei.de"
                },
                {
                    "name": "Guilherme Blanco",
                    "email": "guilhermeblanco@gmail.com"
                },
                {
                    "name": "Jonathan Wage",
                    "email": "jonwage@gmail.com"
                }
            ],
            "description": "Database Abstraction Layer",
            "homepage": "http://www.doctrine-project.org",
            "keywords": [
                "database",
                "dbal",
                "persistence",
                "queryobject"
            ],
            "time": "2015-01-12 21:52:47"
        },
        {
            "name": "doctrine/inflector",
            "version": "v1.0.1",
            "source": {
                "type": "git",
                "url": "https://github.com/doctrine/inflector.git",
                "reference": "0bcb2e79d8571787f18b7eb036ed3d004908e604"
            },
            "dist": {
                "type": "zip",
                "url": "https://api.github.com/repos/doctrine/inflector/zipball/0bcb2e79d8571787f18b7eb036ed3d004908e604",
                "reference": "0bcb2e79d8571787f18b7eb036ed3d004908e604",
                "shasum": ""
            },
            "require": {
                "php": ">=5.3.2"
            },
            "require-dev": {
                "phpunit/phpunit": "4.*"
            },
            "type": "library",
            "extra": {
                "branch-alias": {
                    "dev-master": "1.0.x-dev"
                }
            },
            "autoload": {
                "psr-0": {
                    "Doctrine\\Common\\Inflector\\": "lib/"
                }
            },
            "notification-url": "https://packagist.org/downloads/",
            "license": [
                "MIT"
            ],
            "authors": [
                {
                    "name": "Roman Borschel",
                    "email": "roman@code-factory.org"
                },
                {
                    "name": "Benjamin Eberlei",
                    "email": "kontakt@beberlei.de"
                },
                {
                    "name": "Guilherme Blanco",
                    "email": "guilhermeblanco@gmail.com"
                },
                {
                    "name": "Jonathan Wage",
                    "email": "jonwage@gmail.com"
                },
                {
                    "name": "Johannes Schmitt",
                    "email": "schmittjoh@gmail.com"
                }
            ],
            "description": "Common String Manipulations with regard to casing and singular/plural rules.",
            "homepage": "http://www.doctrine-project.org",
            "keywords": [
                "inflection",
                "pluralize",
                "singularize",
                "string"
            ],
            "time": "2014-12-20 21:24:13"
        },
        {
            "name": "doctrine/instantiator",
            "version": "1.0.4",
            "source": {
                "type": "git",
                "url": "https://github.com/doctrine/instantiator.git",
                "reference": "f976e5de371104877ebc89bd8fecb0019ed9c119"
            },
            "dist": {
                "type": "zip",
                "url": "https://api.github.com/repos/doctrine/instantiator/zipball/f976e5de371104877ebc89bd8fecb0019ed9c119",
                "reference": "f976e5de371104877ebc89bd8fecb0019ed9c119",
                "shasum": ""
            },
            "require": {
                "php": ">=5.3,<8.0-DEV"
            },
            "require-dev": {
                "athletic/athletic": "~0.1.8",
                "ext-pdo": "*",
                "ext-phar": "*",
                "phpunit/phpunit": "~4.0",
                "squizlabs/php_codesniffer": "2.0.*@ALPHA"
            },
            "type": "library",
            "extra": {
                "branch-alias": {
                    "dev-master": "1.0.x-dev"
                }
            },
            "autoload": {
                "psr-0": {
                    "Doctrine\\Instantiator\\": "src"
                }
            },
            "notification-url": "https://packagist.org/downloads/",
            "license": [
                "MIT"
            ],
            "authors": [
                {
                    "name": "Marco Pivetta",
                    "email": "ocramius@gmail.com",
                    "homepage": "http://ocramius.github.com/"
                }
            ],
            "description": "A small, lightweight utility to instantiate objects in PHP without invoking their constructors",
            "homepage": "https://github.com/doctrine/instantiator",
            "keywords": [
                "constructor",
                "instantiate"
            ],
            "time": "2014-10-13 12:58:55"
        },
        {
            "name": "doctrine/lexer",
            "version": "v1.0.1",
            "source": {
                "type": "git",
                "url": "https://github.com/doctrine/lexer.git",
                "reference": "83893c552fd2045dd78aef794c31e694c37c0b8c"
            },
            "dist": {
                "type": "zip",
                "url": "https://api.github.com/repos/doctrine/lexer/zipball/83893c552fd2045dd78aef794c31e694c37c0b8c",
                "reference": "83893c552fd2045dd78aef794c31e694c37c0b8c",
                "shasum": ""
            },
            "require": {
                "php": ">=5.3.2"
            },
            "type": "library",
            "extra": {
                "branch-alias": {
                    "dev-master": "1.0.x-dev"
                }
            },
            "autoload": {
                "psr-0": {
                    "Doctrine\\Common\\Lexer\\": "lib/"
                }
            },
            "notification-url": "https://packagist.org/downloads/",
            "license": [
                "MIT"
            ],
            "authors": [
                {
                    "name": "Roman Borschel",
                    "email": "roman@code-factory.org"
                },
                {
                    "name": "Guilherme Blanco",
                    "email": "guilhermeblanco@gmail.com"
                },
                {
                    "name": "Johannes Schmitt",
                    "email": "schmittjoh@gmail.com"
                }
            ],
            "description": "Base library for a lexer that can be used in Top-Down, Recursive Descent Parsers.",
            "homepage": "http://www.doctrine-project.org",
            "keywords": [
                "lexer",
                "parser"
            ],
            "time": "2014-09-09 13:34:57"
        },
        {
            "name": "doctrine/orm",
            "version": "v2.5.0",
            "source": {
                "type": "git",
                "url": "https://github.com/doctrine/doctrine2.git",
                "reference": "aa80c7d2c55a372f5f9f825f5c66dbda53a6e3fe"
            },
            "dist": {
                "type": "zip",
                "url": "https://api.github.com/repos/doctrine/doctrine2/zipball/aa80c7d2c55a372f5f9f825f5c66dbda53a6e3fe",
                "reference": "aa80c7d2c55a372f5f9f825f5c66dbda53a6e3fe",
                "shasum": ""
            },
            "require": {
                "doctrine/cache": "~1.4",
                "doctrine/collections": "~1.2",
                "doctrine/common": ">=2.5-dev,<2.6-dev",
                "doctrine/dbal": ">=2.5-dev,<2.6-dev",
                "doctrine/instantiator": "~1.0.1",
                "ext-pdo": "*",
                "php": ">=5.4",
                "symfony/console": "~2.5"
            },
            "require-dev": {
                "phpunit/phpunit": "~4.0",
                "satooshi/php-coveralls": "dev-master",
                "symfony/yaml": "~2.1"
            },
            "suggest": {
                "symfony/yaml": "If you want to use YAML Metadata Mapping Driver"
            },
            "bin": [
                "bin/doctrine",
                "bin/doctrine.php"
            ],
            "type": "library",
            "extra": {
                "branch-alias": {
                    "dev-master": "2.6.x-dev"
                }
            },
            "autoload": {
                "psr-0": {
                    "Doctrine\\ORM\\": "lib/"
                }
            },
            "notification-url": "https://packagist.org/downloads/",
            "license": [
                "MIT"
            ],
            "authors": [
                {
                    "name": "Roman Borschel",
                    "email": "roman@code-factory.org"
                },
                {
                    "name": "Benjamin Eberlei",
                    "email": "kontakt@beberlei.de"
                },
                {
                    "name": "Guilherme Blanco",
                    "email": "guilhermeblanco@gmail.com"
                },
                {
                    "name": "Jonathan Wage",
                    "email": "jonwage@gmail.com"
                }
            ],
            "description": "Object-Relational-Mapper for PHP",
            "homepage": "http://www.doctrine-project.org",
            "keywords": [
                "database",
                "orm"
            ],
            "time": "2015-04-02 20:40:18"
        },
        {
            "name": "fzaninotto/faker",
            "version": "v1.4.0",
            "source": {
                "type": "git",
                "url": "https://github.com/fzaninotto/Faker.git",
                "reference": "010c7efedd88bf31141a02719f51fb44c732d5a0"
            },
            "dist": {
                "type": "zip",
                "url": "https://api.github.com/repos/fzaninotto/Faker/zipball/010c7efedd88bf31141a02719f51fb44c732d5a0",
                "reference": "010c7efedd88bf31141a02719f51fb44c732d5a0",
                "shasum": ""
            },
            "require": {
                "php": ">=5.3.3"
            },
            "require-dev": {
                "phpunit/phpunit": "~4.0",
                "squizlabs/php_codesniffer": "~1.5"
            },
            "type": "library",
            "extra": {
                "branch-alias": []
            },
            "autoload": {
                "psr-0": {
                    "Faker": "src/",
                    "Faker\\PHPUnit": "test/"
                }
            },
            "notification-url": "https://packagist.org/downloads/",
            "license": [
                "MIT"
            ],
            "authors": [
                {
                    "name": "François Zaninotto"
                }
            ],
            "description": "Faker is a PHP library that generates fake data for you.",
            "keywords": [
                "data",
                "faker",
                "fixtures"
            ],
            "time": "2014-06-04 14:43:02"
        },
        {
            "name": "symfony/console",
            "version": "v2.6.6",
            "target-dir": "Symfony/Component/Console",
            "source": {
                "type": "git",
                "url": "https://github.com/symfony/Console.git",
                "reference": "5b91dc4ed5eb08553f57f6df04c4730a73992667"
            },
            "dist": {
                "type": "zip",
                "url": "https://api.github.com/repos/symfony/Console/zipball/5b91dc4ed5eb08553f57f6df04c4730a73992667",
                "reference": "5b91dc4ed5eb08553f57f6df04c4730a73992667",
                "shasum": ""
            },
            "require": {
                "php": ">=5.3.3"
            },
            "require-dev": {
                "psr/log": "~1.0",
                "symfony/event-dispatcher": "~2.1",
                "symfony/phpunit-bridge": "~2.7",
                "symfony/process": "~2.1"
            },
            "suggest": {
                "psr/log": "For using the console logger",
                "symfony/event-dispatcher": "",
                "symfony/process": ""
            },
            "type": "library",
            "extra": {
                "branch-alias": {
                    "dev-master": "2.6-dev"
                }
            },
            "autoload": {
                "psr-0": {
                    "Symfony\\Component\\Console\\": ""
                }
            },
            "notification-url": "https://packagist.org/downloads/",
            "license": [
                "MIT"
            ],
            "authors": [
                {
                    "name": "Symfony Community",
                    "homepage": "http://symfony.com/contributors"
                },
                {
                    "name": "Fabien Potencier",
                    "email": "fabien@symfony.com"
                }
            ],
            "description": "Symfony Console Component",
            "homepage": "http://symfony.com",
            "time": "2015-03-30 15:54:10"
        },
        {
            "name": "symfony/property-access",
            "version": "v2.6.6",
            "target-dir": "Symfony/Component/PropertyAccess",
            "source": {
                "type": "git",
                "url": "https://github.com/symfony/PropertyAccess.git",
                "reference": "b342f127c3ab73dd4069c2104cb76f1a1ef7c7e7"
            },
            "dist": {
                "type": "zip",
                "url": "https://api.github.com/repos/symfony/PropertyAccess/zipball/b342f127c3ab73dd4069c2104cb76f1a1ef7c7e7",
                "reference": "b342f127c3ab73dd4069c2104cb76f1a1ef7c7e7",
                "shasum": ""
            },
            "require": {
                "php": ">=5.3.3"
            },
            "require-dev": {
                "symfony/phpunit-bridge": "~2.7"
            },
            "type": "library",
            "extra": {
                "branch-alias": {
                    "dev-master": "2.6-dev"
                }
            },
            "autoload": {
                "psr-0": {
                    "Symfony\\Component\\PropertyAccess\\": ""
                }
            },
            "notification-url": "https://packagist.org/downloads/",
            "license": [
                "MIT"
            ],
            "authors": [
                {
                    "name": "Symfony Community",
                    "homepage": "http://symfony.com/contributors"
                },
                {
                    "name": "Fabien Potencier",
                    "email": "fabien@symfony.com"
                }
            ],
            "description": "Symfony PropertyAccess Component",
            "homepage": "http://symfony.com",
            "keywords": [
                "access",
                "array",
                "extraction",
                "index",
                "injection",
                "object",
                "property",
                "property path",
                "reflection"
            ],
            "time": "2015-03-30 15:54:10"
        }
    ],
    "packages-dev": [
        {
            "name": "crysalead/box",
            "version": "1.0.1",
            "source": {
                "type": "git",
                "url": "https://github.com/crysalead/box.git",
                "reference": "1c2fbbf73cf29aedf7f1c0dc0d367c7c0f2e5771"
            },
            "dist": {
                "type": "zip",
                "url": "https://api.github.com/repos/crysalead/box/zipball/1c2fbbf73cf29aedf7f1c0dc0d367c7c0f2e5771",
                "reference": "1c2fbbf73cf29aedf7f1c0dc0d367c7c0f2e5771",
                "shasum": ""
            },
            "require": {
                "php": ">=5.4"
            },
            "require-dev": {
                "crysalead/kahlan": "dev-master"
            },
            "type": "library",
            "autoload": {
                "psr-4": {
                    "box\\": "src/",
                    "box\\spec\\": "spec/"
                },
                "files": [
                    "src/init.php"
                ]
            },
            "notification-url": "https://packagist.org/downloads/",
            "license": [
                "MIT"
            ],
            "description": "Minimalist Dependency Injection Container.",
            "keywords": [
                "dependency injection",
                "dependency injection container",
                "inversion of control",
                "ioc"
            ],
            "time": "2015-03-21 00:44:48"
        },
        {
            "name": "crysalead/dir",
            "version": "1.0.0",
            "source": {
                "type": "git",
                "url": "https://github.com/crysalead/dir.git",
                "reference": "4d86ccfdb5e2466bca006e76515f51fba4d0b652"
            },
            "dist": {
                "type": "zip",
                "url": "https://api.github.com/repos/crysalead/dir/zipball/4d86ccfdb5e2466bca006e76515f51fba4d0b652",
                "reference": "4d86ccfdb5e2466bca006e76515f51fba4d0b652",
                "shasum": ""
            },
            "require": {
                "php": ">=5.4"
            },
            "require-dev": {
                "crysalead/kahlan": "dev-master"
            },
            "type": "library",
            "autoload": {
                "psr-4": {
                    "dir\\": "src/",
                    "dir\\spec\\": "spec/"
                }
            },
            "notification-url": "https://packagist.org/downloads/",
            "license": [
                "MIT"
            ],
            "description": "Recursive directory scanner to locate directories and/or files in a file system",
            "keywords": [
                "Directory Scanner",
                "directory",
                "file",
                "file system"
            ],
            "time": "2015-03-19 13:42:41"
        },
        {
            "name": "crysalead/filter",
            "version": "1.0.0",
            "source": {
                "type": "git",
                "url": "https://github.com/crysalead/filter.git",
                "reference": "066c2b5eda011245e5adfc1c9ed6450d972b7cec"
            },
            "dist": {
                "type": "zip",
                "url": "https://api.github.com/repos/crysalead/filter/zipball/066c2b5eda011245e5adfc1c9ed6450d972b7cec",
                "reference": "066c2b5eda011245e5adfc1c9ed6450d972b7cec",
                "shasum": ""
            },
            "require": {
                "crysalead/jit": "~1.0",
                "php": ">=5.4"
            },
            "require-dev": {
                "crysalead/kahlan": "dev-master"
            },
            "type": "library",
            "autoload": {
                "psr-4": {
                    "filter\\": "src/",
                    "filter\\spec\\": "spec/"
                }
            },
            "notification-url": "https://packagist.org/downloads/",
            "license": [
                "MIT"
            ],
            "authors": [
                {
                    "name": "CrysaLEAD"
                }
            ],
            "description": "Method filtering system",
            "keywords": [
                "aop",
                "aspect",
                "aspect programming",
                "method filtering"
            ],
            "time": "2015-03-21 01:36:02"
        },
        {
            "name": "crysalead/jit",
            "version": "1.0.2",
            "source": {
                "type": "git",
                "url": "https://github.com/crysalead/jit.git",
                "reference": "deaf0e1234020afc1e238a393dd3787af59dc1ca"
            },
            "dist": {
                "type": "zip",
                "url": "https://api.github.com/repos/crysalead/jit/zipball/deaf0e1234020afc1e238a393dd3787af59dc1ca",
                "reference": "deaf0e1234020afc1e238a393dd3787af59dc1ca",
                "shasum": ""
            },
            "require": {
                "php": ">=5.4"
            },
            "require-dev": {
                "crysalead/kahlan": "dev-master"
            },
            "type": "library",
            "extra": {
                "branch-alias": {
                    "dev-master": "1.0.x-dev"
                }
            },
            "autoload": {
                "psr-4": {
                    "jit\\": "src/",
                    "jit\\spec\\": "spec/"
                }
            },
            "notification-url": "https://packagist.org/downloads/",
            "license": [
                "MIT"
            ],
            "description": "Just In Time Code Patcher.",
            "keywords": [
                "Code Patcher",
                "jit"
            ],
            "time": "2015-03-21 01:31:12"
        },
        {
            "name": "crysalead/kahlan",
            "version": "1.1.3",
            "source": {
                "type": "git",
                "url": "https://github.com/crysalead/kahlan.git",
                "reference": "2f44500dcdfe7f73d603caaaf08ee7de93dfeccf"
            },
            "dist": {
                "type": "zip",
                "url": "https://api.github.com/repos/crysalead/kahlan/zipball/2f44500dcdfe7f73d603caaaf08ee7de93dfeccf",
                "reference": "2f44500dcdfe7f73d603caaaf08ee7de93dfeccf",
                "shasum": ""
            },
            "require": {
                "crysalead/box": "~1.0",
                "crysalead/dir": "~1.0",
                "crysalead/filter": "~1.0",
                "crysalead/jit": "~1.0",
                "php": ">=5.4"
            },
            "bin": [
                "bin/kahlan"
            ],
            "type": "library",
            "autoload": {
                "psr-4": {
                    "kahlan\\": "src/",
                    "kahlan\\spec\\": "spec/"
                },
                "files": [
                    "src/init.php"
                ]
            },
            "notification-url": "https://packagist.org/downloads/",
            "license": [
                "MIT"
            ],
            "authors": [
                {
                    "name": "CrysaLEAD"
                }
            ],
            "description": "Behavior-Driven Development (BDD) library.",
            "keywords": [
                "BDD",
                "Behavior-Driven Development",
                "Monkey Patching",
                "TDD",
                "mock",
                "stub",
                "testing",
                "unit test"
            ],
            "time": "2015-03-21 01:57:35"
        }
    ],
    "aliases": [],
    "minimum-stability": "stable",
    "stability-flags": [],
    "prefer-stable": false,
    "prefer-lowest": false,
    "platform": {
        "php": "~5.4"
    },
    "platform-dev": []
}
